
Microsoft Visual Studio Solution File, Format Version 12.00
# Visual Studio Version 16
VisualStudioVersion = 16.0.31313.79
MinimumVisualStudioVersion = 10.0.40219.1
Project("{9A19103F-16F7-4668-BE54-9A1E7A4F7556}") = "DesafioNET.UI", "src\DesafioNET.UI\DesafioNET.UI.csproj", "{FD4891EF-4A86-4203-8DC9-BC4A6B703200}"
EndProject
Project("{9A19103F-16F7-4668-BE54-9A1E7A4F7556}") = "DesafioNET.Services", "src\DesafioNET.Services\DesafioNET.Services.csproj", "{383B0AB7-81DE-44FE-907F-15498405B3CB}"
EndProject
Project("{9A19103F-16F7-4668-BE54-9A1E7A4F7556}") = "DesafioNET.Data", "src\DesafioNET.Data\DesafioNET.Data.csproj", "{0C3AA08C-598E-402E-9A97-08DC2E8ADD68}"
EndProject
Project("{2150E333-8FDC-42A3-9474-1A3956D46DE8}") = "1 - UI", "1 - UI", "{6C4E2BF0-1D59-4C92-BCEA-A1488B1061B5}"
EndProject
Project("{2150E333-8FDC-42A3-9474-1A3956D46DE8}") = "2 - Services", "2 - Services", "{8BD27571-D881-41CD-9F5F-3FBB3AA8FEBD}"
EndProject
Project("{2150E333-8FDC-42A3-9474-1A3956D46DE8}") = "3 - Data", "3 - Data", "{82BDA71E-EE23-4152-85AA-89EBAD82BDDD}"
EndProject
Project("{2150E333-8FDC-42A3-9474-1A3956D46DE8}") = "4 - Test", "4 - Test", "{DD1EFE6E-1A7D-41BB-B280-0028AA6FD767}"
EndProject
Project("{FAE04EC0-301F-11D3-BF4B-00C04F79EFBC}") = "DesafioNET.Services.Tests", "src\DesafioNET.Services.Tests\DesafioNET.Services.Tests.csproj", "{D1B3C31A-373C-44A7-8AE5-67DA1D13E3EB}"
EndProject
Global
	GlobalSection(SolutionConfigurationPlatforms) = preSolution
		Debug|Any CPU = Debug|Any CPU
		Release|Any CPU = Release|Any CPU
	EndGlobalSection
	GlobalSection(ProjectConfigurationPlatforms) = postSolution
		{FD4891EF-4A86-4203-8DC9-BC4A6B703200}.Debug|Any CPU.ActiveCfg = Debug|Any CPU
		{FD4891EF-4A86-4203-8DC9-BC4A6B703200}.Debug|Any CPU.Build.0 = Debug|Any CPU
		{FD4891EF-4A86-4203-8DC9-BC4A6B703200}.Release|Any CPU.ActiveCfg = Release|Any CPU
		{FD4891EF-4A86-4203-8DC9-BC4A6B703200}.Release|Any CPU.Build.0 = Release|Any CPU
		{383B0AB7-81DE-44FE-907F-15498405B3CB}.Debug|Any CPU.ActiveCfg = Debug|Any CPU
		{383B0AB7-81DE-44FE-907F-15498405B3CB}.Debug|Any CPU.Build.0 = Debug|Any CPU
		{383B0AB7-81DE-44FE-907F-15498405B3CB}.Release|Any CPU.ActiveCfg = Release|Any CPU
		{383B0AB7-81DE-44FE-907F-15498405B3CB}.Release|Any CPU.Build.0 = Release|Any CPU
		{0C3AA08C-598E-402E-9A97-08DC2E8ADD68}.Debug|Any CPU.ActiveCfg = Debug|Any CPU
		{0C3AA08C-598E-402E-9A97-08DC2E8ADD68}.Debug|Any CPU.Build.0 = Debug|Any CPU
		{0C3AA08C-598E-402E-9A97-08DC2E8ADD68}.Release|Any CPU.ActiveCfg = Release|Any CPU
		{0C3AA08C-598E-402E-9A97-08DC2E8ADD68}.Release|Any CPU.Build.0 = Release|Any CPU
		{D1B3C31A-373C-44A7-8AE5-67DA1D13E3EB}.Debug|Any CPU.ActiveCfg = Debug|Any CPU
		{D1B3C31A-373C-44A7-8AE5-67DA1D13E3EB}.Debug|Any CPU.Build.0 = Debug|Any CPU
		{D1B3C31A-373C-44A7-8AE5-67DA1D13E3EB}.Release|Any CPU.ActiveCfg = Release|Any CPU
		{D1B3C31A-373C-44A7-8AE5-67DA1D13E3EB}.Release|Any CPU.Build.0 = Release|Any CPU
	EndGlobalSection
	GlobalSection(SolutionProperties) = preSolution
		HideSolutionNode = FALSE
	EndGlobalSection
	GlobalSection(NestedProjects) = preSolution
		{FD4891EF-4A86-4203-8DC9-BC4A6B703200} = {6C4E2BF0-1D59-4C92-BCEA-A1488B1061B5}
		{383B0AB7-81DE-44FE-907F-15498405B3CB} = {8BD27571-D881-41CD-9F5F-3FBB3AA8FEBD}
		{0C3AA08C-598E-402E-9A97-08DC2E8ADD68} = {82BDA71E-EE23-4152-85AA-89EBAD82BDDD}
	EndGlobalSection
	GlobalSection(ExtensibilityGlobals) = postSolution
		SolutionGuid = {7150F07C-A5C4-4879-B799-ECB4E6B14DF9}
	EndGlobalSection
EndGlobal
